
Microsoft Visual Studio Solution File, Format Version 12.00
Project("{FAE04EC0-301F-11D3-BF4B-00C04F79EFBC}") = "Billetterie", "Billetterie\Billetterie.csproj", "{DBEDEC91-8A65-4F80-AA38-A63AEDC07E4F}"
EndProject
Global
	GlobalSection(SolutionConfigurationPlatforms) = preSolution
		Debug|Any CPU = Debug|Any CPU
		Release|Any CPU = Release|Any CPU
	EndGlobalSection
	GlobalSection(ProjectConfigurationPlatforms) = postSolution
		{DBEDEC91-8A65-4F80-AA38-A63AEDC07E4F}.Debug|Any CPU.ActiveCfg = Debug|Any CPU
		{DBEDEC91-8A65-4F80-AA38-A63AEDC07E4F}.Debug|Any CPU.Build.0 = Debug|Any CPU
		{DBEDEC91-8A65-4F80-AA38-A63AEDC07E4F}.Release|Any CPU.ActiveCfg = Release|Any CPU
		{DBEDEC91-8A65-4F80-AA38-A63AEDC07E4F}.Release|Any CPU.Build.0 = Release|Any CPU
	EndGlobalSection
EndGlobal
